
Microsoft Visual Studio Solution File, Format Version 12.00
# Visual Studio Version 16
VisualStudioVersion = 16.0.31005.135
MinimumVisualStudioVersion = 10.0.40219.1
Project("{9A19103F-16F7-4668-BE54-9A1E7A4F7556}") = "DIPS.Samsnakk.Client", "DIPS.Samsnakk.Client\DIPS.Samsnakk.Client.csproj", "{52C0B5E5-3BC6-4BF4-88CB-199E7E2785A1}"
EndProject
Global
	GlobalSection(SolutionConfigurationPlatforms) = preSolution
		Debug|Any CPU = Debug|Any CPU
		Release|Any CPU = Release|Any CPU
	EndGlobalSection
	GlobalSection(ProjectConfigurationPlatforms) = postSolution
		{52C0B5E5-3BC6-4BF4-88CB-199E7E2785A1}.Debug|Any CPU.ActiveCfg = Debug|Any CPU
		{52C0B5E5-3BC6-4BF4-88CB-199E7E2785A1}.Debug|Any CPU.Build.0 = Debug|Any CPU
		{52C0B5E5-3BC6-4BF4-88CB-199E7E2785A1}.Release|Any CPU.ActiveCfg = Release|Any CPU
		{52C0B5E5-3BC6-4BF4-88CB-199E7E2785A1}.Release|Any CPU.Build.0 = Release|Any CPU
	EndGlobalSection
	GlobalSection(SolutionProperties) = preSolution
		HideSolutionNode = FALSE
	EndGlobalSection
	GlobalSection(ExtensibilityGlobals) = postSolution
		SolutionGuid = {F0A29A0A-443B-439D-911B-8CFA84548831}
	EndGlobalSection
EndGlobal
